
Microsoft Visual Studio Solution File, Format Version 12.00
# Visual Studio Version 17
VisualStudioVersion = 17.0.31903.59
MinimumVisualStudioVersion = 10.0.40219.1
Project("{2150E333-8FDC-42A3-9474-1A3956D46DE8}") = "src", "src", "{4F5BE468-ECD5-4F0F-A045-1F9D014DB63A}"
EndProject
Project("{FAE04EC0-301F-11D3-BF4B-00C04F79EFBC}") = "EasyApplyWeb.Core", "src\EasyApplyWeb.Core\EasyApplyWeb.Core.csproj", "{8BAA9E27-489D-467E-83E9-B5F7D1A8DB4F}"
EndProject
Project("{FAE04EC0-301F-11D3-BF4B-00C04F79EFBC}") = "EasyApplyWeb.UI", "src\EasyApplyWeb.UI\EasyApplyWeb.UI.csproj", "{42047AB6-30E7-4495-AF7A-E9DA049D65A2}"
EndProject
Project("{FAE04EC0-301F-11D3-BF4B-00C04F79EFBC}") = "EasyApplyWeb.Infrastructure", "src\EasyApplyWeb.Infrastructure\EasyApplyWeb.Infrastructure.csproj", "{4FA375D5-3CAE-4582-89E1-3DFF50189031}"
EndProject
Global
	GlobalSection(SolutionConfigurationPlatforms) = preSolution
		Debug|Any CPU = Debug|Any CPU
		Release|Any CPU = Release|Any CPU
	EndGlobalSection
	GlobalSection(SolutionProperties) = preSolution
		HideSolutionNode = FALSE
	EndGlobalSection
	GlobalSection(ProjectConfigurationPlatforms) = postSolution
		{8BAA9E27-489D-467E-83E9-B5F7D1A8DB4F}.Debug|Any CPU.ActiveCfg = Debug|Any CPU
		{8BAA9E27-489D-467E-83E9-B5F7D1A8DB4F}.Debug|Any CPU.Build.0 = Debug|Any CPU
		{8BAA9E27-489D-467E-83E9-B5F7D1A8DB4F}.Release|Any CPU.ActiveCfg = Release|Any CPU
		{8BAA9E27-489D-467E-83E9-B5F7D1A8DB4F}.Release|Any CPU.Build.0 = Release|Any CPU
		{42047AB6-30E7-4495-AF7A-E9DA049D65A2}.Debug|Any CPU.ActiveCfg = Debug|Any CPU
		{42047AB6-30E7-4495-AF7A-E9DA049D65A2}.Debug|Any CPU.Build.0 = Debug|Any CPU
		{42047AB6-30E7-4495-AF7A-E9DA049D65A2}.Release|Any CPU.ActiveCfg = Release|Any CPU
		{42047AB6-30E7-4495-AF7A-E9DA049D65A2}.Release|Any CPU.Build.0 = Release|Any CPU
		{4FA375D5-3CAE-4582-89E1-3DFF50189031}.Debug|Any CPU.ActiveCfg = Debug|Any CPU
		{4FA375D5-3CAE-4582-89E1-3DFF50189031}.Debug|Any CPU.Build.0 = Debug|Any CPU
		{4FA375D5-3CAE-4582-89E1-3DFF50189031}.Release|Any CPU.ActiveCfg = Release|Any CPU
		{4FA375D5-3CAE-4582-89E1-3DFF50189031}.Release|Any CPU.Build.0 = Release|Any CPU
	EndGlobalSection
	GlobalSection(NestedProjects) = preSolution
		{8BAA9E27-489D-467E-83E9-B5F7D1A8DB4F} = {4F5BE468-ECD5-4F0F-A045-1F9D014DB63A}
		{42047AB6-30E7-4495-AF7A-E9DA049D65A2} = {4F5BE468-ECD5-4F0F-A045-1F9D014DB63A}
		{4FA375D5-3CAE-4582-89E1-3DFF50189031} = {4F5BE468-ECD5-4F0F-A045-1F9D014DB63A}
	EndGlobalSection
EndGlobal
